// !$*UTF8*$!
{
	archiveVersion = 1;
	classes = {
	};
	objectVersion = 46;
	objects = {

/* Begin PBXBuildFile section */
		F9B54E631C15881F00AC1440 /* AppDelegate.swift in Sources */ = {isa = PBXBuildFile; fileRef = F9B54E621C15881F00AC1440 /* AppDelegate.swift */; };
		F9B54E651C15881F00AC1440 /* ViewController.swift in Sources */ = {isa = PBXBuildFile; fileRef = F9B54E641C15881F00AC1440 /* ViewController.swift */; };
		F9B54E681C15881F00AC1440 /* Main.storyboard in Resources */ = {isa = PBXBuildFile; fileRef = F9B54E661C15881F00AC1440 /* Main.storyboard */; };
		F9B54E6A1C15881F00AC1440 /* Assets.xcassets in Resources */ = {isa = PBXBuildFile; fileRef = F9B54E691C15881F00AC1440 /* Assets.xcassets */; };
		F9B54E6D1C15881F00AC1440 /* LaunchScreen.storyboard in Resources */ = {isa = PBXBuildFile; fileRef = F9B54E6B1C15881F00AC1440 /* LaunchScreen.storyboard */; };
		F9B54E781C15882000AC1440 /* ComputeWithMetalTests.swift in Sources */ = {isa = PBXBuildFile; fileRef = F9B54E771C15882000AC1440 /* ComputeWithMetalTests.swift */; };
		F9B54E831C15882000AC1440 /* ComputeWithMetalUITests.swift in Sources */ = {isa = PBXBuildFile; fileRef = F9B54E821C15882000AC1440 /* ComputeWithMetalUITests.swift */; };
		F9B54E911C158B2000AC1440 /* Shaders.metal in Sources */ = {isa = PBXBuildFile; fileRef = F9B54E901C158B2000AC1440 /* Shaders.metal */; };
/* End PBXBuildFile section */

/* Begin PBXContainerItemProxy section */
		F9B54E741C15882000AC1440 /* PBXContainerItemProxy */ = {
			isa = PBXContainerItemProxy;
			containerPortal = F9B54E571C15881F00AC1440 /* Project object */;
			proxyType = 1;
			remoteGlobalIDString = F9B54E5E1C15881F00AC1440;
			remoteInfo = ComputeWithMetal;
		};
		F9B54E7F1C15882000AC1440 /* PBXContainerItemProxy */ = {
			isa = PBXContainerItemProxy;
			containerPortal = F9B54E571C15881F00AC1440 /* Project object */;
			proxyType = 1;
			remoteGlobalIDString = F9B54E5E1C15881F00AC1440;
			remoteInfo = ComputeWithMetal;
		};
/* End PBXContainerItemProxy section */

/* Begin PBXFileReference section */
		F9B54E5F1C15881F00AC1440 /* ComputeWithMetal.app */ = {isa = PBXFileReference; explicitFileType = wrapper.application; includeInIndex = 0; path = ComputeWithMetal.app; sourceTree = BUILT_PRODUCTS_DIR; };
		F9B54E621C15881F00AC1440 /* AppDelegate.swift */ = {isa = PBXFileReference; lastKnownFileType = sourcecode.swift; path = AppDelegate.swift; sourceTree = "<group>"; };
		F9B54E641C15881F00AC1440 /* ViewController.swift */ = {isa = PBXFileReference; lastKnownFileType = sourcecode.swift; path = ViewController.swift; sourceTree = "<group>"; };
		F9B54E671C15881F00AC1440 /* Base */ = {isa = PBXFileReference; lastKnownFileType = file.storyboard; name = Base; path = Base.lproj/Main.storyboard; sourceTree = "<group>"; };
		F9B54E691C15881F00AC1440 /* Assets.xcassets */ = {isa = PBXFileReference; lastKnownFileType = folder.assetcatalog; path = Assets.xcassets; sourceTree = "<group>"; };
		F9B54E6C1C15881F00AC1440 /* Base */ = {isa = PBXFileReference; lastKnownFileType = file.storyboard; name = Base; path = Base.lproj/LaunchScreen.storyboard; sourceTree = "<group>"; };
		F9B54E6E1C15881F00AC1440 /* Info.plist */ = {isa = PBXFileReference; lastKnownFileType = text.plist.xml; path = Info.plist; sourceTree = "<group>"; };
		F9B54E731C15882000AC1440 /* ComputeWithMetalTests.xctest */ = {isa = PBXFileReference; explicitFileType = wrapper.cfbundle; includeInIndex = 0; path = ComputeWithMetalTests.xctest; sourceTree = BUILT_PRODUCTS_DIR; };
		F9B54E771C15882000AC1440 /* ComputeWithMetalTests.swift */ = {isa = PBXFileReference; lastKnownFileType = sourcecode.swift; path = ComputeWithMetalTests.swift; sourceTree = "<group>"; };
		F9B54E791C15882000AC1440 /* Info.plist */ = {isa = PBXFileReference; lastKnownFileType = text.plist.xml; path = Info.plist; sourceTree = "<group>"; };
		F9B54E7E1C15882000AC1440 /* ComputeWithMetalUITests.xctest */ = {isa = PBXFileReference; explicitFileType = wrapper.cfbundle; includeInIndex = 0; path = ComputeWithMetalUITests.xctest; sourceTree = BUILT_PRODUCTS_DIR; };
		F9B54E821C15882000AC1440 /* ComputeWithMetalUITests.swift */ = {isa = PBXFileReference; lastKnownFileType = sourcecode.swift; path = ComputeWithMetalUITests.swift; sourceTree = "<group>"; };
		F9B54E841C15882000AC1440 /* Info.plist */ = {isa = PBXFileReference; lastKnownFileType = text.plist.xml; path = Info.plist; sourceTree = "<group>"; };
		F9B54E901C158B2000AC1440 /* Shaders.metal */ = {isa = PBXFileReference; fileEncoding = 4; lastKnownFileType = sourcecode.metal; path = Shaders.metal; sourceTree = "<group>"; };
/* End PBXFileReference section */

/* Begin PBXFrameworksBuildPhase section */
		F9B54E5C1C15881F00AC1440 /* Frameworks */ = {
			isa = PBXFrameworksBuildPhase;
			buildActionMask = 2147483647;
			files = (
			);
			runOnlyForDeploymentPostprocessing = 0;
		};
		F9B54E701C15882000AC1440 /* Frameworks */ = {
			isa = PBXFrameworksBuildPhase;
			buildActionMask = 2147483647;
			files = (
			);
			runOnlyForDeploymentPostprocessing = 0;
		};
		F9B54E7B1C15882000AC1440 /* Frameworks */ = {
			isa = PBXFrameworksBuildPhase;
			buildActionMask = 2147483647;
			files = (
			);
			runOnlyForDeploymentPostprocessing = 0;
		};
/* End PBXFrameworksBuildPhase section */

/* Begin PBXGroup section */
		F9B54E561C15881F00AC1440 = {
			isa = PBXGroup;
			children = (
				F9B54E611C15881F00AC1440 /* ComputeWithMetal */,
				F9B54E761C15882000AC1440 /* ComputeWithMetalTests */,
				F9B54E811C15882000AC1440 /* ComputeWithMetalUITests */,
				F9B54E601C15881F00AC1440 /* Products */,
			);
			sourceTree = "<group>";
		};
		F9B54E601C15881F00AC1440 /* Products */ = {
			isa = PBXGroup;
			children = (
				F9B54E5F1C15881F00AC1440 /* ComputeWithMetal.app */,
				F9B54E731C15882000AC1440 /* ComputeWithMetalTests.xctest */,
				F9B54E7E1C15882000AC1440 /* ComputeWithMetalUITests.xctest */,
			);
			name = Products;
			sourceTree = "<group>";
		};
		F9B54E611C15881F00AC1440 /* ComputeWithMetal */ = {
			isa = PBXGroup;
			children = (
				F9B54E621C15881F00AC1440 /* AppDelegate.swift */,
				F9B54E641C15881F00AC1440 /* ViewController.swift */,
				F9B54E661C15881F00AC1440 /* Main.storyboard */,
				F9B54E691C15881F00AC1440 /* Assets.xcassets */,
				F9B54E6B1C15881F00AC1440 /* LaunchScreen.storyboard */,
				F9B54E6E1C15881F00AC1440 /* Info.plist */,
				F9B54E901C158B2000AC1440 /* Shaders.metal */,
			);
			path = ComputeWithMetal;
			sourceTree = "<group>";
		};
		F9B54E761C15882000AC1440 /* ComputeWithMetalTests */ = {
			isa = PBXGroup;
			children = (
				F9B54E771C15882000AC1440 /* ComputeWithMetalTests.swift */,
				F9B54E791C15882000AC1440 /* Info.plist */,
			);
			path = ComputeWithMetalTests;
			sourceTree = "<group>";
		};
		F9B54E811C15882000AC1440 /* ComputeWithMetalUITests */ = {
			isa = PBXGroup;
			children = (
				F9B54E821C15882000AC1440 /* ComputeWithMetalUITests.swift */,
				F9B54E841C15882000AC1440 /* Info.plist */,
			);
			path = ComputeWithMetalUITests;
			sourceTree = "<group>";
		};
/* End PBXGroup section */

/* Begin PBXNativeTarget section */
		F9B54E5E1C15881F00AC1440 /* ComputeWithMetal */ = {
			isa = PBXNativeTarget;
			buildConfigurationList = F9B54E871C15882000AC1440 /* Build configuration list for PBXNativeTarget "ComputeWithMetal" */;
			buildPhases = (
				F9B54E5B1C15881F00AC1440 /* Sources */,
				F9B54E5C1C15881F00AC1440 /* Frameworks */,
				F9B54E5D1C15881F00AC1440 /* Resources */,
			);
			buildRules = (
			);
			dependencies = (
			);
			name = ComputeWithMetal;
			productName = ComputeWithMetal;
			productReference = F9B54E5F1C15881F00AC1440 /* ComputeWithMetal.app */;
			productType = "com.apple.product-type.application";
		};
		F9B54E721C15882000AC1440 /* ComputeWithMetalTests */ = {
			isa = PBXNativeTarget;
			buildConfigurationList = F9B54E8A1C15882000AC1440 /* Build configuration list for PBXNativeTarget "ComputeWithMetalTests" */;
			buildPhases = (
				F9B54E6F1C15882000AC1440 /* Sources */,
				F9B54E701C15882000AC1440 /* Frameworks */,
				F9B54E711C15882000AC1440 /* Resources */,
			);
			buildRules = (
			);
			dependencies = (
				F9B54E751C15882000AC1440 /* PBXTargetDependency */,
			);
			name = ComputeWithMetalTests;
			productName = ComputeWithMetalTests;
			productReference = F9B54E731C15882000AC1440 /* ComputeWithMetalTests.xctest */;
			productType = "com.apple.product-type.bundle.unit-test";
		};
		F9B54E7D1C15882000AC1440 /* ComputeWithMetalUITests */ = {
			isa = PBXNativeTarget;
			buildConfigurationList = F9B54E8D1C15882000AC1440 /* Build configuration list for PBXNativeTarget "ComputeWithMetalUITests" */;
			buildPhases = (
				F9B54E7A1C15882000AC1440 /* Sources */,
				F9B54E7B1C15882000AC1440 /* Frameworks */,
				F9B54E7C1C15882000AC1440 /* Resources */,
			);
			buildRules = (
			);
			dependencies = (
				F9B54E801C15882000AC1440 /* PBXTargetDependency */,
			);
			name = ComputeWithMetalUITests;
			productName = ComputeWithMetalUITests;
			productReference = F9B54E7E1C15882000AC1440 /* ComputeWithMetalUITests.xctest */;
			productType = "com.apple.product-type.bundle.ui-testing";
		};
/* End PBXNativeTarget section */

/* Begin PBXProject section */
		F9B54E571C15881F00AC1440 /* Project object */ = {
			isa = PBXProject;
			attributes = {
				LastSwiftUpdateCheck = 0710;
				LastUpgradeCheck = 0710;
				ORGANIZATIONNAME = "Krisztian Gyuris";
				TargetAttributes = {
					F9B54E5E1C15881F00AC1440 = {
						CreatedOnToolsVersion = 7.1;
					};
					F9B54E721C15882000AC1440 = {
						CreatedOnToolsVersion = 7.1;
						TestTargetID = F9B54E5E1C15881F00AC1440;
					};
					F9B54E7D1C15882000AC1440 = {
						CreatedOnToolsVersion = 7.1;
						TestTargetID = F9B54E5E1C15881F00AC1440;
					};
				};
			};
			buildConfigurationList = F9B54E5A1C15881F00AC1440 /* Build configuration list for PBXProject "ComputeWithMetal" */;
			compatibilityVersion = "Xcode 3.2";
			developmentRegion = English;
			hasScannedForEncodings = 0;
			knownRegions = (
				en,
				Base,
			);
			mainGroup = F9B54E561C15881F00AC1440;
			productRefGroup = F9B54E601C15881F00AC1440 /* Products */;
			projectDirPath = "";
			projectRoot = "";
			targets = (
				F9B54E5E1C15881F00AC1440 /* ComputeWithMetal */,
				F9B54E721C15882000AC1440 /* ComputeWithMetalTests */,
				F9B54E7D1C15882000AC1440 /* ComputeWithMetalUITests */,
			);
		};
/* End PBXProject section */

/* Begin PBXResourcesBuildPhase section */
		F9B54E5D1C15881F00AC1440 /* Resources */ = {
			isa = PBXResourcesBuildPhase;
			buildActionMask = 2147483647;
			files = (
				F9B54E6D1C15881F00AC1440 /* LaunchScreen.storyboard in Resources */,
				F9B54E6A1C15881F00AC1440 /* Assets.xcassets in Resources */,
				F9B54E681C15881F00AC1440 /* Main.storyboard in Resources */,
			);
			runOnlyForDeploymentPostprocessing = 0;
		};
		F9B54E711C15882000AC1440 /* Resources */ = {
			isa = PBXResourcesBuildPhase;
			buildActionMask = 2147483647;
			files = (
			);
			runOnlyForDeploymentPostprocessing = 0;
		};
		F9B54E7C1C15882000AC1440 /* Resources */ = {
			isa = PBXResourcesBuildPhase;
			buildActionMask = 2147483647;
			files = (
			);
			runOnlyForDeploymentPostprocessing = 0;
		};
/* End PBXResourcesBuildPhase section */

/* Begin PBXSourcesBuildPhase section */
		F9B54E5B1C15881F00AC1440 /* Sources */ = {
			isa = PBXSourcesBuildPhase;
			buildActionMask = 2147483647;
			files = (
				F9B54E911C158B2000AC1440 /* Shaders.metal in Sources */,
				F9B54E651C15881F00AC1440 /* ViewController.swift in Sources */,
				F9B54E631C15881F00AC1440 /* AppDelegate.swift in Sources */,
			);
			runOnlyForDeploymentPostprocessing = 0;
		};
		F9B54E6F1C15882000AC1440 /* Sources */ = {
			isa = PBXSourcesBuildPhase;
			buildActionMask = 2147483647;
			files = (
				F9B54E781C15882000AC1440 /* ComputeWithMetalTests.swift in Sources */,
			);
			runOnlyForDeploymentPostprocessing = 0;
		};
		F9B54E7A1C15882000AC1440 /* Sources */ = {
			isa = PBXSourcesBuildPhase;
			buildActionMask = 2147483647;
			files = (
				F9B54E831C15882000AC1440 /* ComputeWithMetalUITests.swift in Sources */,
			);
			runOnlyForDeploymentPostprocessing = 0;
		};
/* End PBXSourcesBuildPhase section */

/* Begin PBXTargetDependency section */
		F9B54E751C15882000AC1440 /* PBXTargetDependency */ = {
			isa = PBXTargetDependency;
			target = F9B54E5E1C15881F00AC1440 /* ComputeWithMetal */;
			targetProxy = F9B54E741C15882000AC1440 /* PBXContainerItemProxy */;
		};
		F9B54E801C15882000AC1440 /* PBXTargetDependency */ = {
			isa = PBXTargetDependency;
			target = F9B54E5E1C15881F00AC1440 /* ComputeWithMetal */;
			targetProxy = F9B54E7F1C15882000AC1440 /* PBXContainerItemProxy */;
		};
/* End PBXTargetDependency section */

/* Begin PBXVariantGroup section */
		F9B54E661C15881F00AC1440 /* Main.storyboard */ = {
			isa = PBXVariantGroup;
			children = (
				F9B54E671C15881F00AC1440 /* Base */,
			);
			name = Main.storyboard;
			sourceTree = "<group>";
		};
		F9B54E6B1C15881F00AC1440 /* LaunchScreen.storyboard */ = {
			isa = PBXVariantGroup;
			children = (
				F9B54E6C1C15881F00AC1440 /* Base */,
			);
			name = LaunchScreen.storyboard;
			sourceTree = "<group>";
		};
/* End PBXVariantGroup section */

/* Begin XCBuildConfiguration section */
		F9B54E851C15882000AC1440 /* Debug */ = {
			isa = XCBuildConfiguration;
			buildSettings = {
				ALWAYS_SEARCH_USER_PATHS = NO;
				CLANG_CXX_LANGUAGE_STANDARD = "gnu++0x";
				CLANG_CXX_LIBRARY = "libc++";
				CLANG_ENABLE_MODULES = YES;
				CLANG_ENABLE_OBJC_ARC = YES;
				CLANG_WARN_BOOL_CONVERSION = YES;
				CLANG_WARN_CONSTANT_CONVERSION = YES;
				CLANG_WARN_DIRECT_OBJC_ISA_USAGE = YES_ERROR;
				CLANG_WARN_EMPTY_BODY = YES;
				CLANG_WARN_ENUM_CONVERSION = YES;
				CLANG_WARN_INT_CONVERSION = YES;
				CLANG_WARN_OBJC_ROOT_CLASS = YES_ERROR;
				CLANG_WARN_UNREACHABLE_CODE = YES;
				CLANG_WARN__DUPLICATE_METHOD_MATCH = YES;
				"CODE_SIGN_IDENTITY[sdk=iphoneos*]" = "iPhone Developer";
				COPY_PHASE_STRIP = NO;
				DEBUG_INFORMATION_FORMAT = dwarf;
				ENABLE_STRICT_OBJC_MSGSEND = YES;
				ENABLE_TESTABILITY = YES;
				GCC_C_LANGUAGE_STANDARD = gnu99;
				GCC_DYNAMIC_NO_PIC = NO;
				GCC_NO_COMMON_BLOCKS = YES;
				GCC_OPTIMIZATION_LEVEL = 0;
				GCC_PREPROCESSOR_DEFINITIONS = (
					"DEBUG=1",
					"$(inherited)",
				);
				GCC_WARN_64_TO_32_BIT_CONVERSION = YES;
				GCC_WARN_ABOUT_RETURN_TYPE = YES_ERROR;
				GCC_WARN_UNDECLARED_SELECTOR = YES;
				GCC_WARN_UNINITIALIZED_AUTOS = YES_AGGRESSIVE;
				GCC_WARN_UNUSED_FUNCTION = YES;
				GCC_WARN_UNUSED_VARIABLE = YES;
				IPHONEOS_DEPLOYMENT_TARGET = 9.1;
				MTL_ENABLE_DEBUG_INFO = YES;
				ONLY_ACTIVE_ARCH = YES;
				SDKROOT = iphoneos;
				SWIFT_OPTIMIZATION_LEVEL = "-Onone";
				TARGETED_DEVICE_FAMILY = "1,2";
			};
			name = Debug;
		};
		F9B54E861C15882000AC1440 /* Release */ = {
			isa = XCBuildConfiguration;
			buildSettings = {
				ALWAYS_SEARCH_USER_PATHS = NO;
				CLANG_CXX_LANGUAGE_STANDARD = "gnu++0x";
				CLANG_CXX_LIBRARY = "libc++";
				CLANG_ENABLE_MODULES = YES;
				CLANG_ENABLE_OBJC_ARC = YES;
				CLANG_WARN_BOOL_CONVERSION = YES;
				CLANG_WARN_CONSTANT_CONVERSION = YES;
				CLANG_WARN_DIRECT_OBJC_ISA_USAGE = YES_ERROR;
				CLANG_WARN_EMPTY_BODY = YES;
				CLANG_WARN_ENUM_CONVERSION = YES;
				CLANG_WARN_INT_CONVERSION = YES;
				CLANG_WARN_OBJC_ROOT_CLASS = YES_ERROR;
				CLANG_WARN_UNREACHABLE_CODE = YES;
				CLANG_WARN__DUPLICATE_METHOD_MATCH = YES;
				"CODE_SIGN_IDENTITY[sdk=iphoneos*]" = "iPhone Developer";
				COPY_PHASE_STRIP = NO;
				DEBUG_INFORMATION_FORMAT = "dwarf-with-dsym";
				ENABLE_NS_ASSERTIONS = NO;
				ENABLE_STRICT_OBJC_MSGSEND = YES;
				GCC_C_LANGUAGE_STANDARD = gnu99;
				GCC_NO_COMMON_BLOCKS = YES;
				GCC_WARN_64_TO_32_BIT_CONVERSION = YES;
				GCC_WARN_ABOUT_RETURN_TYPE = YES_ERROR;
				GCC_WARN_UNDECLARED_SELECTOR = YES;
				GCC_WARN_UNINITIALIZED_AUTOS = YES_AGGRESSIVE;
				GCC_WARN_UNUSED_FUNCTION = YES;
				GCC_WARN_UNUSED_VARIABLE = YES;
				IPHONEOS_DEPLOYMENT_TARGET = 9.1;
				MTL_ENABLE_DEBUG_INFO = NO;
				SDKROOT = iphoneos;
				TARGETED_DEVICE_FAMILY = "1,2";
				VALIDATE_PRODUCT = YES;
			};
			name = Release;
		};
		F9B54E881C15882000AC1440 /* Debug */ = {
			isa = XCBuildConfiguration;
			buildSettings = {
				ASSETCATALOG_COMPILER_APPICON_NAME = AppIcon;
				INFOPLIST_FILE = ComputeWithMetal/Info.plist;
				LD_RUNPATH_SEARCH_PATHS = "$(inherited) @executable_path/Frameworks";
				PRODUCT_BUNDLE_IDENTIFIER = com.gyurisc.ComputeWithMetal;
				PRODUCT_NAME = "$(TARGET_NAME)";
			};
			name = Debug;
		};
		F9B54E891C15882000AC1440 /* Release */ = {
			isa = XCBuildConfiguration;
			buildSettings = {
				ASSETCATALOG_COMPILER_APPICON_NAME = AppIcon;
				INFOPLIST_FILE = ComputeWithMetal/Info.plist;
				LD_RUNPATH_SEARCH_PATHS = "$(inherited) @executable_path/Frameworks";
				PRODUCT_BUNDLE_IDENTIFIER = com.gyurisc.ComputeWithMetal;
				PRODUCT_NAME = "$(TARGET_NAME)";
			};
			name = Release;
		};
		F9B54E8B1C15882000AC1440 /* Debug */ = {
			isa = XCBuildConfiguration;
			buildSettings = {
				BUNDLE_LOADER = "$(TEST_HOST)";
				INFOPLIST_FILE = ComputeWithMetalTests/Info.plist;
				LD_RUNPATH_SEARCH_PATHS = "$(inherited) @executable_path/Frameworks @loader_path/Frameworks";
				PRODUCT_BUNDLE_IDENTIFIER = com.gyurisc.ComputeWithMetalTests;
				PRODUCT_NAME = "$(TARGET_NAME)";
				TEST_HOST = "$(BUILT_PRODUCTS_DIR)/ComputeWithMetal.app/ComputeWithMetal";
			};
			name = Debug;
		};
		F9B54E8C1C15882000AC1440 /* Release */ = {
			isa = XCBuildConfiguration;
			buildSettings = {
				BUNDLE_LOADER = "$(TEST_HOST)";
				INFOPLIST_FILE = ComputeWithMetalTests/Info.plist;
				LD_RUNPATH_SEARCH_PATHS = "$(inherited) @executable_path/Frameworks @loader_path/Frameworks";
				PRODUCT_BUNDLE_IDENTIFIER = com.gyurisc.ComputeWithMetalTests;
				PRODUCT_NAME = "$(TARGET_NAME)";
				TEST_HOST = "$(BUILT_PRODUCTS_DIR)/ComputeWithMetal.app/ComputeWithMetal";
			};
			name = Release;
		};
		F9B54E8E1C15882000AC1440 /* Debug */ = {
			isa = XCBuildConfiguration;
			buildSettings = {
				INFOPLIST_FILE = ComputeWithMetalUITests/Info.plist;
				LD_RUNPATH_SEARCH_PATHS = "$(inherited) @executable_path/Frameworks @loader_path/Frameworks";
				PRODUCT_BUNDLE_IDENTIFIER = com.gyurisc.ComputeWithMetalUITests;
				PRODUCT_NAME = "$(TARGET_NAME)";
				TEST_TARGET_NAME = ComputeWithMetal;
				USES_XCTRUNNER = YES;
			};
			name = Debug;
		};
		F9B54E8F1C15882000AC1440 /* Release */ = {
			isa = XCBuildConfiguration;
			buildSettings = {
				INFOPLIST_FILE = ComputeWithMetalUITests/Info.plist;
				LD_RUNPATH_SEARCH_PATHS = "$(inherited) @executable_path/Frameworks @loader_path/Frameworks";
				PRODUCT_BUNDLE_IDENTIFIER = com.gyurisc.ComputeWithMetalUITests;
				PRODUCT_NAME = "$(TARGET_NAME)";
				TEST_TARGET_NAME = ComputeWithMetal;
				USES_XCTRUNNER = YES;
			};
			name = Release;
		};
/* End XCBuildConfiguration section */

/* Begin XCConfigurationList section */
		F9B54E5A1C15881F00AC1440 /* Build configuration list for PBXProject "ComputeWithMetal" */ = {
			isa = XCConfigurationList;
			buildConfigurations = (
				F9B54E851C15882000AC1440 /* Debug */,
				F9B54E861C15882000AC1440 /* Release */,
			);
			defaultConfigurationIsVisible = 0;
			defaultConfigurationName = Release;
		};
		F9B54E871C15882000AC1440 /* Build configuration list for PBXNativeTarget "ComputeWithMetal" */ = {
			isa = XCConfigurationList;
			buildConfigurations = (
				F9B54E881C15882000AC1440 /* Debug */,
				F9B54E891C15882000AC1440 /* Release */,
			);
			defaultConfigurationIsVisible = 0;
			defaultConfigurationName = Release;
		};
		F9B54E8A1C15882000AC1440 /* Build configuration list for PBXNativeTarget "ComputeWithMetalTests" */ = {
			isa = XCConfigurationList;
			buildConfigurations = (
				F9B54E8B1C15882000AC1440 /* Debug */,
				F9B54E8C1C15882000AC1440 /* Release */,
			);
			defaultConfigurationIsVisible = 0;
			defaultConfigurationName = Release;
		};
		F9B54E8D1C15882000AC1440 /* Build configuration list for PBXNativeTarget "ComputeWithMetalUITests" */ = {
			isa = XCConfigurationList;
			buildConfigurations = (
				F9B54E8E1C15882000AC1440 /* Debug */,
				F9B54E8F1C15882000AC1440 /* Release */,
			);
			defaultConfigurationIsVisible = 0;
			defaultConfigurationName = Release;
		};
/* End XCConfigurationList section */
	};
	rootObject = F9B54E571C15881F00AC1440 /* Project object */;
}
